
Microsoft Visual Studio Solution File, Format Version 12.00
# Visual Studio Version 16
VisualStudioVersion = 16.0.29306.81
MinimumVisualStudioVersion = 10.0.40219.1
Project("{9A19103F-16F7-4668-BE54-9A1E7A4F7556}") = "EngineeringMath", "EngineeringMath\EngineeringMath.csproj", "{858C80B9-AA67-4A38-BE8E-E116380E59E4}"
EndProject
Project("{9A19103F-16F7-4668-BE54-9A1E7A4F7556}") = "EngineeringMath.Tests", "EngineeringMath.Tests\EngineeringMath.Tests.csproj", "{D0D72635-F5F7-4A49-9BC0-D2B246184184}"
EndProject
Project("{9A19103F-16F7-4668-BE54-9A1E7A4F7556}") = "EngineeringMath.Migrations.Startup", "EngineeringMath.Migrations.Startup\EngineeringMath.Migrations.Startup.csproj", "{F57BD71D-8DE8-4441-9C81-6D7F6A7AF5B8}"
EndProject
Global
	GlobalSection(SolutionConfigurationPlatforms) = preSolution
		Debug|Any CPU = Debug|Any CPU
		Debug|ARM = Debug|ARM
		Debug|ARM64 = Debug|ARM64
		Debug|x64 = Debug|x64
		Debug|x86 = Debug|x86
		Release|Any CPU = Release|Any CPU
		Release|ARM = Release|ARM
		Release|ARM64 = Release|ARM64
		Release|x64 = Release|x64
		Release|x86 = Release|x86
	EndGlobalSection
	GlobalSection(ProjectConfigurationPlatforms) = postSolution
		{858C80B9-AA67-4A38-BE8E-E116380E59E4}.Debug|Any CPU.ActiveCfg = Debug|Any CPU
		{858C80B9-AA67-4A38-BE8E-E116380E59E4}.Debug|Any CPU.Build.0 = Debug|Any CPU
		{858C80B9-AA67-4A38-BE8E-E116380E59E4}.Debug|ARM.ActiveCfg = Debug|Any CPU
		{858C80B9-AA67-4A38-BE8E-E116380E59E4}.Debug|ARM.Build.0 = Debug|Any CPU
		{858C80B9-AA67-4A38-BE8E-E116380E59E4}.Debug|ARM64.ActiveCfg = Debug|Any CPU
		{858C80B9-AA67-4A38-BE8E-E116380E59E4}.Debug|ARM64.Build.0 = Debug|Any CPU
		{858C80B9-AA67-4A38-BE8E-E116380E59E4}.Debug|x64.ActiveCfg = Debug|Any CPU
		{858C80B9-AA67-4A38-BE8E-E116380E59E4}.Debug|x64.Build.0 = Debug|Any CPU
		{858C80B9-AA67-4A38-BE8E-E116380E59E4}.Debug|x86.ActiveCfg = Debug|Any CPU
		{858C80B9-AA67-4A38-BE8E-E116380E59E4}.Debug|x86.Build.0 = Debug|Any CPU
		{858C80B9-AA67-4A38-BE8E-E116380E59E4}.Release|Any CPU.ActiveCfg = Release|Any CPU
		{858C80B9-AA67-4A38-BE8E-E116380E59E4}.Release|Any CPU.Build.0 = Release|Any CPU
		{858C80B9-AA67-4A38-BE8E-E116380E59E4}.Release|ARM.ActiveCfg = Release|Any CPU
		{858C80B9-AA67-4A38-BE8E-E116380E59E4}.Release|ARM.Build.0 = Release|Any CPU
		{858C80B9-AA67-4A38-BE8E-E116380E59E4}.Release|ARM64.ActiveCfg = Release|Any CPU
		{858C80B9-AA67-4A38-BE8E-E116380E59E4}.Release|ARM64.Build.0 = Release|Any CPU
		{858C80B9-AA67-4A38-BE8E-E116380E59E4}.Release|x64.ActiveCfg = Release|Any CPU
		{858C80B9-AA67-4A38-BE8E-E116380E59E4}.Release|x64.Build.0 = Release|Any CPU
		{858C80B9-AA67-4A38-BE8E-E116380E59E4}.Release|x86.ActiveCfg = Release|Any CPU
		{858C80B9-AA67-4A38-BE8E-E116380E59E4}.Release|x86.Build.0 = Release|Any CPU
		{D0D72635-F5F7-4A49-9BC0-D2B246184184}.Debug|Any CPU.ActiveCfg = Debug|Any CPU
		{D0D72635-F5F7-4A49-9BC0-D2B246184184}.Debug|Any CPU.Build.0 = Debug|Any CPU
		{D0D72635-F5F7-4A49-9BC0-D2B246184184}.Debug|ARM.ActiveCfg = Debug|Any CPU
		{D0D72635-F5F7-4A49-9BC0-D2B246184184}.Debug|ARM.Build.0 = Debug|Any CPU
		{D0D72635-F5F7-4A49-9BC0-D2B246184184}.Debug|ARM64.ActiveCfg = Debug|Any CPU
		{D0D72635-F5F7-4A49-9BC0-D2B246184184}.Debug|ARM64.Build.0 = Debug|Any CPU
		{D0D72635-F5F7-4A49-9BC0-D2B246184184}.Debug|x64.ActiveCfg = Debug|Any CPU
		{D0D72635-F5F7-4A49-9BC0-D2B246184184}.Debug|x64.Build.0 = Debug|Any CPU
		{D0D72635-F5F7-4A49-9BC0-D2B246184184}.Debug|x86.ActiveCfg = Debug|Any CPU
		{D0D72635-F5F7-4A49-9BC0-D2B246184184}.Debug|x86.Build.0 = Debug|Any CPU
		{D0D72635-F5F7-4A49-9BC0-D2B246184184}.Release|Any CPU.ActiveCfg = Release|Any CPU
		{D0D72635-F5F7-4A49-9BC0-D2B246184184}.Release|Any CPU.Build.0 = Release|Any CPU
		{D0D72635-F5F7-4A49-9BC0-D2B246184184}.Release|ARM.ActiveCfg = Release|Any CPU
		{D0D72635-F5F7-4A49-9BC0-D2B246184184}.Release|ARM.Build.0 = Release|Any CPU
		{D0D72635-F5F7-4A49-9BC0-D2B246184184}.Release|ARM64.ActiveCfg = Release|Any CPU
		{D0D72635-F5F7-4A49-9BC0-D2B246184184}.Release|ARM64.Build.0 = Release|Any CPU
		{D0D72635-F5F7-4A49-9BC0-D2B246184184}.Release|x64.ActiveCfg = Release|Any CPU
		{D0D72635-F5F7-4A49-9BC0-D2B246184184}.Release|x64.Build.0 = Release|Any CPU
		{D0D72635-F5F7-4A49-9BC0-D2B246184184}.Release|x86.ActiveCfg = Release|Any CPU
		{D0D72635-F5F7-4A49-9BC0-D2B246184184}.Release|x86.Build.0 = Release|Any CPU
		{F57BD71D-8DE8-4441-9C81-6D7F6A7AF5B8}.Debug|Any CPU.ActiveCfg = Debug|Any CPU
		{F57BD71D-8DE8-4441-9C81-6D7F6A7AF5B8}.Debug|Any CPU.Build.0 = Debug|Any CPU
		{F57BD71D-8DE8-4441-9C81-6D7F6A7AF5B8}.Debug|ARM.ActiveCfg = Debug|Any CPU
		{F57BD71D-8DE8-4441-9C81-6D7F6A7AF5B8}.Debug|ARM.Build.0 = Debug|Any CPU
		{F57BD71D-8DE8-4441-9C81-6D7F6A7AF5B8}.Debug|ARM64.ActiveCfg = Debug|Any CPU
		{F57BD71D-8DE8-4441-9C81-6D7F6A7AF5B8}.Debug|ARM64.Build.0 = Debug|Any CPU
		{F57BD71D-8DE8-4441-9C81-6D7F6A7AF5B8}.Debug|x64.ActiveCfg = Debug|Any CPU
		{F57BD71D-8DE8-4441-9C81-6D7F6A7AF5B8}.Debug|x64.Build.0 = Debug|Any CPU
		{F57BD71D-8DE8-4441-9C81-6D7F6A7AF5B8}.Debug|x86.ActiveCfg = Debug|Any CPU
		{F57BD71D-8DE8-4441-9C81-6D7F6A7AF5B8}.Debug|x86.Build.0 = Debug|Any CPU
		{F57BD71D-8DE8-4441-9C81-6D7F6A7AF5B8}.Release|Any CPU.ActiveCfg = Release|Any CPU
		{F57BD71D-8DE8-4441-9C81-6D7F6A7AF5B8}.Release|Any CPU.Build.0 = Release|Any CPU
		{F57BD71D-8DE8-4441-9C81-6D7F6A7AF5B8}.Release|ARM.ActiveCfg = Release|Any CPU
		{F57BD71D-8DE8-4441-9C81-6D7F6A7AF5B8}.Release|ARM.Build.0 = Release|Any CPU
		{F57BD71D-8DE8-4441-9C81-6D7F6A7AF5B8}.Release|ARM64.ActiveCfg = Release|Any CPU
		{F57BD71D-8DE8-4441-9C81-6D7F6A7AF5B8}.Release|ARM64.Build.0 = Release|Any CPU
		{F57BD71D-8DE8-4441-9C81-6D7F6A7AF5B8}.Release|x64.ActiveCfg = Release|Any CPU
		{F57BD71D-8DE8-4441-9C81-6D7F6A7AF5B8}.Release|x64.Build.0 = Release|Any CPU
		{F57BD71D-8DE8-4441-9C81-6D7F6A7AF5B8}.Release|x86.ActiveCfg = Release|Any CPU
		{F57BD71D-8DE8-4441-9C81-6D7F6A7AF5B8}.Release|x86.Build.0 = Release|Any CPU
	EndGlobalSection
	GlobalSection(SolutionProperties) = preSolution
		HideSolutionNode = FALSE
	EndGlobalSection
	GlobalSection(ExtensibilityGlobals) = postSolution
		SolutionGuid = {00C80E16-780E-43F1-8E13-09C5131E110B}
	EndGlobalSection
EndGlobal
