
Microsoft Visual Studio Solution File, Format Version 12.00
# Visual Studio 15
VisualStudioVersion = 15.0.28307.539
MinimumVisualStudioVersion = 10.0.40219.1
Project("{9A19103F-16F7-4668-BE54-9A1E7A4F7556}") = "EngineeringMath", "EngineeringMath\EngineeringMath.csproj", "{858C80B9-AA67-4A38-BE8E-E116380E59E4}"
EndProject
Project("{9A19103F-16F7-4668-BE54-9A1E7A4F7556}") = "EngineeringMath.Tests", "EngineeringMath.Tests\EngineeringMath.Tests.csproj", "{D0D72635-F5F7-4A49-9BC0-D2B246184184}"
EndProject
Project("{FAE04EC0-301F-11D3-BF4B-00C04F79EFBC}") = "SqlEditor", "SqlEditor\SqlEditor.csproj", "{8C7EE1AF-69F2-4B87-92F0-FA47C32F18AB}"
EndProject
Global
	GlobalSection(SolutionConfigurationPlatforms) = preSolution
		Debug|Any CPU = Debug|Any CPU
		Debug|ARM = Debug|ARM
		Debug|ARM64 = Debug|ARM64
		Debug|x64 = Debug|x64
		Debug|x86 = Debug|x86
		Release|Any CPU = Release|Any CPU
		Release|ARM = Release|ARM
		Release|ARM64 = Release|ARM64
		Release|x64 = Release|x64
		Release|x86 = Release|x86
	EndGlobalSection
	GlobalSection(ProjectConfigurationPlatforms) = postSolution
		{858C80B9-AA67-4A38-BE8E-E116380E59E4}.Debug|Any CPU.ActiveCfg = Debug|Any CPU
		{858C80B9-AA67-4A38-BE8E-E116380E59E4}.Debug|Any CPU.Build.0 = Debug|Any CPU
		{858C80B9-AA67-4A38-BE8E-E116380E59E4}.Debug|ARM.ActiveCfg = Debug|Any CPU
		{858C80B9-AA67-4A38-BE8E-E116380E59E4}.Debug|ARM.Build.0 = Debug|Any CPU
		{858C80B9-AA67-4A38-BE8E-E116380E59E4}.Debug|ARM64.ActiveCfg = Debug|Any CPU
		{858C80B9-AA67-4A38-BE8E-E116380E59E4}.Debug|ARM64.Build.0 = Debug|Any CPU
		{858C80B9-AA67-4A38-BE8E-E116380E59E4}.Debug|x64.ActiveCfg = Debug|Any CPU
		{858C80B9-AA67-4A38-BE8E-E116380E59E4}.Debug|x64.Build.0 = Debug|Any CPU
		{858C80B9-AA67-4A38-BE8E-E116380E59E4}.Debug|x86.ActiveCfg = Debug|Any CPU
		{858C80B9-AA67-4A38-BE8E-E116380E59E4}.Debug|x86.Build.0 = Debug|Any CPU
		{858C80B9-AA67-4A38-BE8E-E116380E59E4}.Release|Any CPU.ActiveCfg = Release|Any CPU
		{858C80B9-AA67-4A38-BE8E-E116380E59E4}.Release|Any CPU.Build.0 = Release|Any CPU
		{858C80B9-AA67-4A38-BE8E-E116380E59E4}.Release|ARM.ActiveCfg = Release|Any CPU
		{858C80B9-AA67-4A38-BE8E-E116380E59E4}.Release|ARM.Build.0 = Release|Any CPU
		{858C80B9-AA67-4A38-BE8E-E116380E59E4}.Release|ARM64.ActiveCfg = Release|Any CPU
		{858C80B9-AA67-4A38-BE8E-E116380E59E4}.Release|ARM64.Build.0 = Release|Any CPU
		{858C80B9-AA67-4A38-BE8E-E116380E59E4}.Release|x64.ActiveCfg = Release|Any CPU
		{858C80B9-AA67-4A38-BE8E-E116380E59E4}.Release|x64.Build.0 = Release|Any CPU
		{858C80B9-AA67-4A38-BE8E-E116380E59E4}.Release|x86.ActiveCfg = Release|Any CPU
		{858C80B9-AA67-4A38-BE8E-E116380E59E4}.Release|x86.Build.0 = Release|Any CPU
		{D0D72635-F5F7-4A49-9BC0-D2B246184184}.Debug|Any CPU.ActiveCfg = Debug|Any CPU
		{D0D72635-F5F7-4A49-9BC0-D2B246184184}.Debug|Any CPU.Build.0 = Debug|Any CPU
		{D0D72635-F5F7-4A49-9BC0-D2B246184184}.Debug|ARM.ActiveCfg = Debug|Any CPU
		{D0D72635-F5F7-4A49-9BC0-D2B246184184}.Debug|ARM.Build.0 = Debug|Any CPU
		{D0D72635-F5F7-4A49-9BC0-D2B246184184}.Debug|ARM64.ActiveCfg = Debug|Any CPU
		{D0D72635-F5F7-4A49-9BC0-D2B246184184}.Debug|ARM64.Build.0 = Debug|Any CPU
		{D0D72635-F5F7-4A49-9BC0-D2B246184184}.Debug|x64.ActiveCfg = Debug|Any CPU
		{D0D72635-F5F7-4A49-9BC0-D2B246184184}.Debug|x64.Build.0 = Debug|Any CPU
		{D0D72635-F5F7-4A49-9BC0-D2B246184184}.Debug|x86.ActiveCfg = Debug|Any CPU
		{D0D72635-F5F7-4A49-9BC0-D2B246184184}.Debug|x86.Build.0 = Debug|Any CPU
		{D0D72635-F5F7-4A49-9BC0-D2B246184184}.Release|Any CPU.ActiveCfg = Release|Any CPU
		{D0D72635-F5F7-4A49-9BC0-D2B246184184}.Release|Any CPU.Build.0 = Release|Any CPU
		{D0D72635-F5F7-4A49-9BC0-D2B246184184}.Release|ARM.ActiveCfg = Release|Any CPU
		{D0D72635-F5F7-4A49-9BC0-D2B246184184}.Release|ARM.Build.0 = Release|Any CPU
		{D0D72635-F5F7-4A49-9BC0-D2B246184184}.Release|ARM64.ActiveCfg = Release|Any CPU
		{D0D72635-F5F7-4A49-9BC0-D2B246184184}.Release|ARM64.Build.0 = Release|Any CPU
		{D0D72635-F5F7-4A49-9BC0-D2B246184184}.Release|x64.ActiveCfg = Release|Any CPU
		{D0D72635-F5F7-4A49-9BC0-D2B246184184}.Release|x64.Build.0 = Release|Any CPU
		{D0D72635-F5F7-4A49-9BC0-D2B246184184}.Release|x86.ActiveCfg = Release|Any CPU
		{D0D72635-F5F7-4A49-9BC0-D2B246184184}.Release|x86.Build.0 = Release|Any CPU
		{8C7EE1AF-69F2-4B87-92F0-FA47C32F18AB}.Debug|Any CPU.ActiveCfg = Debug|x86
		{8C7EE1AF-69F2-4B87-92F0-FA47C32F18AB}.Debug|ARM.ActiveCfg = Debug|ARM
		{8C7EE1AF-69F2-4B87-92F0-FA47C32F18AB}.Debug|ARM.Build.0 = Debug|ARM
		{8C7EE1AF-69F2-4B87-92F0-FA47C32F18AB}.Debug|ARM.Deploy.0 = Debug|ARM
		{8C7EE1AF-69F2-4B87-92F0-FA47C32F18AB}.Debug|ARM64.ActiveCfg = Debug|ARM64
		{8C7EE1AF-69F2-4B87-92F0-FA47C32F18AB}.Debug|ARM64.Build.0 = Debug|ARM64
		{8C7EE1AF-69F2-4B87-92F0-FA47C32F18AB}.Debug|ARM64.Deploy.0 = Debug|ARM64
		{8C7EE1AF-69F2-4B87-92F0-FA47C32F18AB}.Debug|x64.ActiveCfg = Debug|x64
		{8C7EE1AF-69F2-4B87-92F0-FA47C32F18AB}.Debug|x64.Build.0 = Debug|x64
		{8C7EE1AF-69F2-4B87-92F0-FA47C32F18AB}.Debug|x64.Deploy.0 = Debug|x64
		{8C7EE1AF-69F2-4B87-92F0-FA47C32F18AB}.Debug|x86.ActiveCfg = Debug|x86
		{8C7EE1AF-69F2-4B87-92F0-FA47C32F18AB}.Debug|x86.Build.0 = Debug|x86
		{8C7EE1AF-69F2-4B87-92F0-FA47C32F18AB}.Debug|x86.Deploy.0 = Debug|x86
		{8C7EE1AF-69F2-4B87-92F0-FA47C32F18AB}.Release|Any CPU.ActiveCfg = Release|x86
		{8C7EE1AF-69F2-4B87-92F0-FA47C32F18AB}.Release|ARM.ActiveCfg = Release|ARM
		{8C7EE1AF-69F2-4B87-92F0-FA47C32F18AB}.Release|ARM.Build.0 = Release|ARM
		{8C7EE1AF-69F2-4B87-92F0-FA47C32F18AB}.Release|ARM.Deploy.0 = Release|ARM
		{8C7EE1AF-69F2-4B87-92F0-FA47C32F18AB}.Release|ARM64.ActiveCfg = Release|ARM64
		{8C7EE1AF-69F2-4B87-92F0-FA47C32F18AB}.Release|ARM64.Build.0 = Release|ARM64
		{8C7EE1AF-69F2-4B87-92F0-FA47C32F18AB}.Release|ARM64.Deploy.0 = Release|ARM64
		{8C7EE1AF-69F2-4B87-92F0-FA47C32F18AB}.Release|x64.ActiveCfg = Release|x64
		{8C7EE1AF-69F2-4B87-92F0-FA47C32F18AB}.Release|x64.Build.0 = Release|x64
		{8C7EE1AF-69F2-4B87-92F0-FA47C32F18AB}.Release|x64.Deploy.0 = Release|x64
		{8C7EE1AF-69F2-4B87-92F0-FA47C32F18AB}.Release|x86.ActiveCfg = Release|x86
		{8C7EE1AF-69F2-4B87-92F0-FA47C32F18AB}.Release|x86.Build.0 = Release|x86
		{8C7EE1AF-69F2-4B87-92F0-FA47C32F18AB}.Release|x86.Deploy.0 = Release|x86
	EndGlobalSection
	GlobalSection(SolutionProperties) = preSolution
		HideSolutionNode = FALSE
	EndGlobalSection
	GlobalSection(ExtensibilityGlobals) = postSolution
		SolutionGuid = {00C80E16-780E-43F1-8E13-09C5131E110B}
	EndGlobalSection
EndGlobal
