
Microsoft Visual Studio Solution File, Format Version 12.00
# Visual Studio Version 16
VisualStudioVersion = 16.0.29306.81
MinimumVisualStudioVersion = 10.0.40219.1
Project("{9A19103F-16F7-4668-BE54-9A1E7A4F7556}") = "EngineeringMath", "EngineeringMath\EngineeringMath.csproj", "{858C80B9-AA67-4A38-BE8E-E116380E59E4}"
EndProject
Project("{9A19103F-16F7-4668-BE54-9A1E7A4F7556}") = "EngineeringMath.Tests", "EngineeringMath.Tests\EngineeringMath.Tests.csproj", "{D0D72635-F5F7-4A49-9BC0-D2B246184184}"
EndProject
Project("{9A19103F-16F7-4668-BE54-9A1E7A4F7556}") = "EngineeringMath.Migrations.Startup", "EngineeringMath.Migrations.Startup\EngineeringMath.Migrations.Startup.csproj", "{F57BD71D-8DE8-4441-9C81-6D7F6A7AF5B8}"
EndProject
Project("{FAE04EC0-301F-11D3-BF4B-00C04F79EFBC}") = "EngineeringMath.App.UWP", "EngineeringMath.App\EngineeringMath.App.UWP\EngineeringMath.App.UWP.csproj", "{48EB0DDF-E0E8-458F-A9A7-47B168112566}"
EndProject
Project("{FAE04EC0-301F-11D3-BF4B-00C04F79EFBC}") = "EngineeringMath.App.Android", "EngineeringMath.App\EngineeringMath.App.Android\EngineeringMath.App.Android.csproj", "{276DB1FC-672D-4ED9-9362-7223EE4FF069}"
EndProject
Project("{FAE04EC0-301F-11D3-BF4B-00C04F79EFBC}") = "EngineeringMath.App.iOS", "EngineeringMath.App\EngineeringMath.App.iOS\EngineeringMath.App.iOS.csproj", "{24AF8513-A5E3-4FE3-B7AA-D2CF3C27787E}"
EndProject
Project("{FAE04EC0-301F-11D3-BF4B-00C04F79EFBC}") = "EngineeringMath.App", "EngineeringMath.App\EngineeringMath.App\EngineeringMath.App.csproj", "{2130DA10-9F6B-43BC-A168-177577023221}"
EndProject
Global
	GlobalSection(SolutionConfigurationPlatforms) = preSolution
		Debug|Any CPU = Debug|Any CPU
		Debug|ARM = Debug|ARM
		Debug|ARM64 = Debug|ARM64
		Debug|iPhone = Debug|iPhone
		Debug|iPhoneSimulator = Debug|iPhoneSimulator
		Debug|x64 = Debug|x64
		Debug|x86 = Debug|x86
		Release|Any CPU = Release|Any CPU
		Release|ARM = Release|ARM
		Release|ARM64 = Release|ARM64
		Release|iPhone = Release|iPhone
		Release|iPhoneSimulator = Release|iPhoneSimulator
		Release|x64 = Release|x64
		Release|x86 = Release|x86
	EndGlobalSection
	GlobalSection(ProjectConfigurationPlatforms) = postSolution
		{858C80B9-AA67-4A38-BE8E-E116380E59E4}.Debug|Any CPU.ActiveCfg = Debug|Any CPU
		{858C80B9-AA67-4A38-BE8E-E116380E59E4}.Debug|Any CPU.Build.0 = Debug|Any CPU
		{858C80B9-AA67-4A38-BE8E-E116380E59E4}.Debug|ARM.ActiveCfg = Debug|Any CPU
		{858C80B9-AA67-4A38-BE8E-E116380E59E4}.Debug|ARM.Build.0 = Debug|Any CPU
		{858C80B9-AA67-4A38-BE8E-E116380E59E4}.Debug|ARM64.ActiveCfg = Debug|Any CPU
		{858C80B9-AA67-4A38-BE8E-E116380E59E4}.Debug|ARM64.Build.0 = Debug|Any CPU
		{858C80B9-AA67-4A38-BE8E-E116380E59E4}.Debug|iPhone.ActiveCfg = Debug|Any CPU
		{858C80B9-AA67-4A38-BE8E-E116380E59E4}.Debug|iPhone.Build.0 = Debug|Any CPU
		{858C80B9-AA67-4A38-BE8E-E116380E59E4}.Debug|iPhoneSimulator.ActiveCfg = Debug|Any CPU
		{858C80B9-AA67-4A38-BE8E-E116380E59E4}.Debug|iPhoneSimulator.Build.0 = Debug|Any CPU
		{858C80B9-AA67-4A38-BE8E-E116380E59E4}.Debug|x64.ActiveCfg = Debug|Any CPU
		{858C80B9-AA67-4A38-BE8E-E116380E59E4}.Debug|x64.Build.0 = Debug|Any CPU
		{858C80B9-AA67-4A38-BE8E-E116380E59E4}.Debug|x86.ActiveCfg = Debug|Any CPU
		{858C80B9-AA67-4A38-BE8E-E116380E59E4}.Debug|x86.Build.0 = Debug|Any CPU
		{858C80B9-AA67-4A38-BE8E-E116380E59E4}.Release|Any CPU.ActiveCfg = Release|Any CPU
		{858C80B9-AA67-4A38-BE8E-E116380E59E4}.Release|Any CPU.Build.0 = Release|Any CPU
		{858C80B9-AA67-4A38-BE8E-E116380E59E4}.Release|ARM.ActiveCfg = Release|Any CPU
		{858C80B9-AA67-4A38-BE8E-E116380E59E4}.Release|ARM.Build.0 = Release|Any CPU
		{858C80B9-AA67-4A38-BE8E-E116380E59E4}.Release|ARM64.ActiveCfg = Release|Any CPU
		{858C80B9-AA67-4A38-BE8E-E116380E59E4}.Release|ARM64.Build.0 = Release|Any CPU
		{858C80B9-AA67-4A38-BE8E-E116380E59E4}.Release|iPhone.ActiveCfg = Release|Any CPU
		{858C80B9-AA67-4A38-BE8E-E116380E59E4}.Release|iPhone.Build.0 = Release|Any CPU
		{858C80B9-AA67-4A38-BE8E-E116380E59E4}.Release|iPhoneSimulator.ActiveCfg = Release|Any CPU
		{858C80B9-AA67-4A38-BE8E-E116380E59E4}.Release|iPhoneSimulator.Build.0 = Release|Any CPU
		{858C80B9-AA67-4A38-BE8E-E116380E59E4}.Release|x64.ActiveCfg = Release|Any CPU
		{858C80B9-AA67-4A38-BE8E-E116380E59E4}.Release|x64.Build.0 = Release|Any CPU
		{858C80B9-AA67-4A38-BE8E-E116380E59E4}.Release|x86.ActiveCfg = Release|Any CPU
		{858C80B9-AA67-4A38-BE8E-E116380E59E4}.Release|x86.Build.0 = Release|Any CPU
		{D0D72635-F5F7-4A49-9BC0-D2B246184184}.Debug|Any CPU.ActiveCfg = Debug|Any CPU
		{D0D72635-F5F7-4A49-9BC0-D2B246184184}.Debug|Any CPU.Build.0 = Debug|Any CPU
		{D0D72635-F5F7-4A49-9BC0-D2B246184184}.Debug|ARM.ActiveCfg = Debug|Any CPU
		{D0D72635-F5F7-4A49-9BC0-D2B246184184}.Debug|ARM.Build.0 = Debug|Any CPU
		{D0D72635-F5F7-4A49-9BC0-D2B246184184}.Debug|ARM64.ActiveCfg = Debug|Any CPU
		{D0D72635-F5F7-4A49-9BC0-D2B246184184}.Debug|ARM64.Build.0 = Debug|Any CPU
		{D0D72635-F5F7-4A49-9BC0-D2B246184184}.Debug|iPhone.ActiveCfg = Debug|Any CPU
		{D0D72635-F5F7-4A49-9BC0-D2B246184184}.Debug|iPhone.Build.0 = Debug|Any CPU
		{D0D72635-F5F7-4A49-9BC0-D2B246184184}.Debug|iPhoneSimulator.ActiveCfg = Debug|Any CPU
		{D0D72635-F5F7-4A49-9BC0-D2B246184184}.Debug|iPhoneSimulator.Build.0 = Debug|Any CPU
		{D0D72635-F5F7-4A49-9BC0-D2B246184184}.Debug|x64.ActiveCfg = Debug|Any CPU
		{D0D72635-F5F7-4A49-9BC0-D2B246184184}.Debug|x64.Build.0 = Debug|Any CPU
		{D0D72635-F5F7-4A49-9BC0-D2B246184184}.Debug|x86.ActiveCfg = Debug|Any CPU
		{D0D72635-F5F7-4A49-9BC0-D2B246184184}.Debug|x86.Build.0 = Debug|Any CPU
		{D0D72635-F5F7-4A49-9BC0-D2B246184184}.Release|Any CPU.ActiveCfg = Release|Any CPU
		{D0D72635-F5F7-4A49-9BC0-D2B246184184}.Release|Any CPU.Build.0 = Release|Any CPU
		{D0D72635-F5F7-4A49-9BC0-D2B246184184}.Release|ARM.ActiveCfg = Release|Any CPU
		{D0D72635-F5F7-4A49-9BC0-D2B246184184}.Release|ARM.Build.0 = Release|Any CPU
		{D0D72635-F5F7-4A49-9BC0-D2B246184184}.Release|ARM64.ActiveCfg = Release|Any CPU
		{D0D72635-F5F7-4A49-9BC0-D2B246184184}.Release|ARM64.Build.0 = Release|Any CPU
		{D0D72635-F5F7-4A49-9BC0-D2B246184184}.Release|iPhone.ActiveCfg = Release|Any CPU
		{D0D72635-F5F7-4A49-9BC0-D2B246184184}.Release|iPhone.Build.0 = Release|Any CPU
		{D0D72635-F5F7-4A49-9BC0-D2B246184184}.Release|iPhoneSimulator.ActiveCfg = Release|Any CPU
		{D0D72635-F5F7-4A49-9BC0-D2B246184184}.Release|iPhoneSimulator.Build.0 = Release|Any CPU
		{D0D72635-F5F7-4A49-9BC0-D2B246184184}.Release|x64.ActiveCfg = Release|Any CPU
		{D0D72635-F5F7-4A49-9BC0-D2B246184184}.Release|x64.Build.0 = Release|Any CPU
		{D0D72635-F5F7-4A49-9BC0-D2B246184184}.Release|x86.ActiveCfg = Release|Any CPU
		{D0D72635-F5F7-4A49-9BC0-D2B246184184}.Release|x86.Build.0 = Release|Any CPU
		{F57BD71D-8DE8-4441-9C81-6D7F6A7AF5B8}.Debug|Any CPU.ActiveCfg = Debug|Any CPU
		{F57BD71D-8DE8-4441-9C81-6D7F6A7AF5B8}.Debug|Any CPU.Build.0 = Debug|Any CPU
		{F57BD71D-8DE8-4441-9C81-6D7F6A7AF5B8}.Debug|ARM.ActiveCfg = Debug|Any CPU
		{F57BD71D-8DE8-4441-9C81-6D7F6A7AF5B8}.Debug|ARM.Build.0 = Debug|Any CPU
		{F57BD71D-8DE8-4441-9C81-6D7F6A7AF5B8}.Debug|ARM64.ActiveCfg = Debug|Any CPU
		{F57BD71D-8DE8-4441-9C81-6D7F6A7AF5B8}.Debug|ARM64.Build.0 = Debug|Any CPU
		{F57BD71D-8DE8-4441-9C81-6D7F6A7AF5B8}.Debug|iPhone.ActiveCfg = Debug|Any CPU
		{F57BD71D-8DE8-4441-9C81-6D7F6A7AF5B8}.Debug|iPhone.Build.0 = Debug|Any CPU
		{F57BD71D-8DE8-4441-9C81-6D7F6A7AF5B8}.Debug|iPhoneSimulator.ActiveCfg = Debug|Any CPU
		{F57BD71D-8DE8-4441-9C81-6D7F6A7AF5B8}.Debug|iPhoneSimulator.Build.0 = Debug|Any CPU
		{F57BD71D-8DE8-4441-9C81-6D7F6A7AF5B8}.Debug|x64.ActiveCfg = Debug|Any CPU
		{F57BD71D-8DE8-4441-9C81-6D7F6A7AF5B8}.Debug|x64.Build.0 = Debug|Any CPU
		{F57BD71D-8DE8-4441-9C81-6D7F6A7AF5B8}.Debug|x86.ActiveCfg = Debug|Any CPU
		{F57BD71D-8DE8-4441-9C81-6D7F6A7AF5B8}.Debug|x86.Build.0 = Debug|Any CPU
		{F57BD71D-8DE8-4441-9C81-6D7F6A7AF5B8}.Release|Any CPU.ActiveCfg = Release|Any CPU
		{F57BD71D-8DE8-4441-9C81-6D7F6A7AF5B8}.Release|Any CPU.Build.0 = Release|Any CPU
		{F57BD71D-8DE8-4441-9C81-6D7F6A7AF5B8}.Release|ARM.ActiveCfg = Release|Any CPU
		{F57BD71D-8DE8-4441-9C81-6D7F6A7AF5B8}.Release|ARM.Build.0 = Release|Any CPU
		{F57BD71D-8DE8-4441-9C81-6D7F6A7AF5B8}.Release|ARM64.ActiveCfg = Release|Any CPU
		{F57BD71D-8DE8-4441-9C81-6D7F6A7AF5B8}.Release|ARM64.Build.0 = Release|Any CPU
		{F57BD71D-8DE8-4441-9C81-6D7F6A7AF5B8}.Release|iPhone.ActiveCfg = Release|Any CPU
		{F57BD71D-8DE8-4441-9C81-6D7F6A7AF5B8}.Release|iPhone.Build.0 = Release|Any CPU
		{F57BD71D-8DE8-4441-9C81-6D7F6A7AF5B8}.Release|iPhoneSimulator.ActiveCfg = Release|Any CPU
		{F57BD71D-8DE8-4441-9C81-6D7F6A7AF5B8}.Release|iPhoneSimulator.Build.0 = Release|Any CPU
		{F57BD71D-8DE8-4441-9C81-6D7F6A7AF5B8}.Release|x64.ActiveCfg = Release|Any CPU
		{F57BD71D-8DE8-4441-9C81-6D7F6A7AF5B8}.Release|x64.Build.0 = Release|Any CPU
		{F57BD71D-8DE8-4441-9C81-6D7F6A7AF5B8}.Release|x86.ActiveCfg = Release|Any CPU
		{F57BD71D-8DE8-4441-9C81-6D7F6A7AF5B8}.Release|x86.Build.0 = Release|Any CPU
		{48EB0DDF-E0E8-458F-A9A7-47B168112566}.Debug|Any CPU.ActiveCfg = Debug|x86
		{48EB0DDF-E0E8-458F-A9A7-47B168112566}.Debug|ARM.ActiveCfg = Debug|ARM
		{48EB0DDF-E0E8-458F-A9A7-47B168112566}.Debug|ARM.Build.0 = Debug|ARM
		{48EB0DDF-E0E8-458F-A9A7-47B168112566}.Debug|ARM.Deploy.0 = Debug|ARM
		{48EB0DDF-E0E8-458F-A9A7-47B168112566}.Debug|ARM64.ActiveCfg = Debug|x86
		{48EB0DDF-E0E8-458F-A9A7-47B168112566}.Debug|iPhone.ActiveCfg = Debug|x86
		{48EB0DDF-E0E8-458F-A9A7-47B168112566}.Debug|iPhoneSimulator.ActiveCfg = Debug|x86
		{48EB0DDF-E0E8-458F-A9A7-47B168112566}.Debug|x64.ActiveCfg = Debug|x64
		{48EB0DDF-E0E8-458F-A9A7-47B168112566}.Debug|x64.Build.0 = Debug|x64
		{48EB0DDF-E0E8-458F-A9A7-47B168112566}.Debug|x64.Deploy.0 = Debug|x64
		{48EB0DDF-E0E8-458F-A9A7-47B168112566}.Debug|x86.ActiveCfg = Debug|x86
		{48EB0DDF-E0E8-458F-A9A7-47B168112566}.Debug|x86.Build.0 = Debug|x86
		{48EB0DDF-E0E8-458F-A9A7-47B168112566}.Debug|x86.Deploy.0 = Debug|x86
		{48EB0DDF-E0E8-458F-A9A7-47B168112566}.Release|Any CPU.ActiveCfg = Release|x86
		{48EB0DDF-E0E8-458F-A9A7-47B168112566}.Release|ARM.ActiveCfg = Release|ARM
		{48EB0DDF-E0E8-458F-A9A7-47B168112566}.Release|ARM.Build.0 = Release|ARM
		{48EB0DDF-E0E8-458F-A9A7-47B168112566}.Release|ARM.Deploy.0 = Release|ARM
		{48EB0DDF-E0E8-458F-A9A7-47B168112566}.Release|ARM64.ActiveCfg = Release|x86
		{48EB0DDF-E0E8-458F-A9A7-47B168112566}.Release|iPhone.ActiveCfg = Release|x86
		{48EB0DDF-E0E8-458F-A9A7-47B168112566}.Release|iPhoneSimulator.ActiveCfg = Release|x86
		{48EB0DDF-E0E8-458F-A9A7-47B168112566}.Release|x64.ActiveCfg = Release|x64
		{48EB0DDF-E0E8-458F-A9A7-47B168112566}.Release|x64.Build.0 = Release|x64
		{48EB0DDF-E0E8-458F-A9A7-47B168112566}.Release|x64.Deploy.0 = Release|x64
		{48EB0DDF-E0E8-458F-A9A7-47B168112566}.Release|x86.ActiveCfg = Release|x86
		{48EB0DDF-E0E8-458F-A9A7-47B168112566}.Release|x86.Build.0 = Release|x86
		{48EB0DDF-E0E8-458F-A9A7-47B168112566}.Release|x86.Deploy.0 = Release|x86
		{276DB1FC-672D-4ED9-9362-7223EE4FF069}.Debug|Any CPU.ActiveCfg = Debug|Any CPU
		{276DB1FC-672D-4ED9-9362-7223EE4FF069}.Debug|Any CPU.Build.0 = Debug|Any CPU
		{276DB1FC-672D-4ED9-9362-7223EE4FF069}.Debug|Any CPU.Deploy.0 = Debug|Any CPU
		{276DB1FC-672D-4ED9-9362-7223EE4FF069}.Debug|ARM.ActiveCfg = Debug|Any CPU
		{276DB1FC-672D-4ED9-9362-7223EE4FF069}.Debug|ARM.Build.0 = Debug|Any CPU
		{276DB1FC-672D-4ED9-9362-7223EE4FF069}.Debug|ARM.Deploy.0 = Debug|Any CPU
		{276DB1FC-672D-4ED9-9362-7223EE4FF069}.Debug|ARM64.ActiveCfg = Debug|Any CPU
		{276DB1FC-672D-4ED9-9362-7223EE4FF069}.Debug|ARM64.Build.0 = Debug|Any CPU
		{276DB1FC-672D-4ED9-9362-7223EE4FF069}.Debug|ARM64.Deploy.0 = Debug|Any CPU
		{276DB1FC-672D-4ED9-9362-7223EE4FF069}.Debug|iPhone.ActiveCfg = Debug|Any CPU
		{276DB1FC-672D-4ED9-9362-7223EE4FF069}.Debug|iPhone.Build.0 = Debug|Any CPU
		{276DB1FC-672D-4ED9-9362-7223EE4FF069}.Debug|iPhone.Deploy.0 = Debug|Any CPU
		{276DB1FC-672D-4ED9-9362-7223EE4FF069}.Debug|iPhoneSimulator.ActiveCfg = Debug|Any CPU
		{276DB1FC-672D-4ED9-9362-7223EE4FF069}.Debug|iPhoneSimulator.Build.0 = Debug|Any CPU
		{276DB1FC-672D-4ED9-9362-7223EE4FF069}.Debug|iPhoneSimulator.Deploy.0 = Debug|Any CPU
		{276DB1FC-672D-4ED9-9362-7223EE4FF069}.Debug|x64.ActiveCfg = Debug|Any CPU
		{276DB1FC-672D-4ED9-9362-7223EE4FF069}.Debug|x64.Build.0 = Debug|Any CPU
		{276DB1FC-672D-4ED9-9362-7223EE4FF069}.Debug|x64.Deploy.0 = Debug|Any CPU
		{276DB1FC-672D-4ED9-9362-7223EE4FF069}.Debug|x86.ActiveCfg = Debug|Any CPU
		{276DB1FC-672D-4ED9-9362-7223EE4FF069}.Debug|x86.Build.0 = Debug|Any CPU
		{276DB1FC-672D-4ED9-9362-7223EE4FF069}.Debug|x86.Deploy.0 = Debug|Any CPU
		{276DB1FC-672D-4ED9-9362-7223EE4FF069}.Release|Any CPU.ActiveCfg = Release|Any CPU
		{276DB1FC-672D-4ED9-9362-7223EE4FF069}.Release|Any CPU.Build.0 = Release|Any CPU
		{276DB1FC-672D-4ED9-9362-7223EE4FF069}.Release|Any CPU.Deploy.0 = Release|Any CPU
		{276DB1FC-672D-4ED9-9362-7223EE4FF069}.Release|ARM.ActiveCfg = Release|Any CPU
		{276DB1FC-672D-4ED9-9362-7223EE4FF069}.Release|ARM.Build.0 = Release|Any CPU
		{276DB1FC-672D-4ED9-9362-7223EE4FF069}.Release|ARM.Deploy.0 = Release|Any CPU
		{276DB1FC-672D-4ED9-9362-7223EE4FF069}.Release|ARM64.ActiveCfg = Release|Any CPU
		{276DB1FC-672D-4ED9-9362-7223EE4FF069}.Release|ARM64.Build.0 = Release|Any CPU
		{276DB1FC-672D-4ED9-9362-7223EE4FF069}.Release|ARM64.Deploy.0 = Release|Any CPU
		{276DB1FC-672D-4ED9-9362-7223EE4FF069}.Release|iPhone.ActiveCfg = Release|Any CPU
		{276DB1FC-672D-4ED9-9362-7223EE4FF069}.Release|iPhone.Build.0 = Release|Any CPU
		{276DB1FC-672D-4ED9-9362-7223EE4FF069}.Release|iPhone.Deploy.0 = Release|Any CPU
		{276DB1FC-672D-4ED9-9362-7223EE4FF069}.Release|iPhoneSimulator.ActiveCfg = Release|Any CPU
		{276DB1FC-672D-4ED9-9362-7223EE4FF069}.Release|iPhoneSimulator.Build.0 = Release|Any CPU
		{276DB1FC-672D-4ED9-9362-7223EE4FF069}.Release|iPhoneSimulator.Deploy.0 = Release|Any CPU
		{276DB1FC-672D-4ED9-9362-7223EE4FF069}.Release|x64.ActiveCfg = Release|Any CPU
		{276DB1FC-672D-4ED9-9362-7223EE4FF069}.Release|x64.Build.0 = Release|Any CPU
		{276DB1FC-672D-4ED9-9362-7223EE4FF069}.Release|x64.Deploy.0 = Release|Any CPU
		{276DB1FC-672D-4ED9-9362-7223EE4FF069}.Release|x86.ActiveCfg = Release|Any CPU
		{276DB1FC-672D-4ED9-9362-7223EE4FF069}.Release|x86.Build.0 = Release|Any CPU
		{276DB1FC-672D-4ED9-9362-7223EE4FF069}.Release|x86.Deploy.0 = Release|Any CPU
		{24AF8513-A5E3-4FE3-B7AA-D2CF3C27787E}.Debug|Any CPU.ActiveCfg = Debug|iPhone
		{24AF8513-A5E3-4FE3-B7AA-D2CF3C27787E}.Debug|ARM.ActiveCfg = Debug|iPhone
		{24AF8513-A5E3-4FE3-B7AA-D2CF3C27787E}.Debug|ARM64.ActiveCfg = Debug|iPhone
		{24AF8513-A5E3-4FE3-B7AA-D2CF3C27787E}.Debug|iPhone.ActiveCfg = Debug|iPhone
		{24AF8513-A5E3-4FE3-B7AA-D2CF3C27787E}.Debug|iPhone.Build.0 = Debug|iPhone
		{24AF8513-A5E3-4FE3-B7AA-D2CF3C27787E}.Debug|iPhoneSimulator.ActiveCfg = Debug|iPhoneSimulator
		{24AF8513-A5E3-4FE3-B7AA-D2CF3C27787E}.Debug|iPhoneSimulator.Build.0 = Debug|iPhoneSimulator
		{24AF8513-A5E3-4FE3-B7AA-D2CF3C27787E}.Debug|x64.ActiveCfg = Debug|iPhone
		{24AF8513-A5E3-4FE3-B7AA-D2CF3C27787E}.Debug|x86.ActiveCfg = Debug|iPhone
		{24AF8513-A5E3-4FE3-B7AA-D2CF3C27787E}.Release|Any CPU.ActiveCfg = Release|iPhone
		{24AF8513-A5E3-4FE3-B7AA-D2CF3C27787E}.Release|ARM.ActiveCfg = Release|iPhone
		{24AF8513-A5E3-4FE3-B7AA-D2CF3C27787E}.Release|ARM64.ActiveCfg = Release|iPhone
		{24AF8513-A5E3-4FE3-B7AA-D2CF3C27787E}.Release|iPhone.ActiveCfg = Release|iPhone
		{24AF8513-A5E3-4FE3-B7AA-D2CF3C27787E}.Release|iPhone.Build.0 = Release|iPhone
		{24AF8513-A5E3-4FE3-B7AA-D2CF3C27787E}.Release|iPhoneSimulator.ActiveCfg = Release|iPhoneSimulator
		{24AF8513-A5E3-4FE3-B7AA-D2CF3C27787E}.Release|iPhoneSimulator.Build.0 = Release|iPhoneSimulator
		{24AF8513-A5E3-4FE3-B7AA-D2CF3C27787E}.Release|x64.ActiveCfg = Release|iPhone
		{24AF8513-A5E3-4FE3-B7AA-D2CF3C27787E}.Release|x86.ActiveCfg = Release|iPhone
		{2130DA10-9F6B-43BC-A168-177577023221}.Debug|Any CPU.ActiveCfg = Debug|Any CPU
		{2130DA10-9F6B-43BC-A168-177577023221}.Debug|Any CPU.Build.0 = Debug|Any CPU
		{2130DA10-9F6B-43BC-A168-177577023221}.Debug|ARM.ActiveCfg = Debug|Any CPU
		{2130DA10-9F6B-43BC-A168-177577023221}.Debug|ARM.Build.0 = Debug|Any CPU
		{2130DA10-9F6B-43BC-A168-177577023221}.Debug|ARM64.ActiveCfg = Debug|Any CPU
		{2130DA10-9F6B-43BC-A168-177577023221}.Debug|ARM64.Build.0 = Debug|Any CPU
		{2130DA10-9F6B-43BC-A168-177577023221}.Debug|iPhone.ActiveCfg = Debug|Any CPU
		{2130DA10-9F6B-43BC-A168-177577023221}.Debug|iPhone.Build.0 = Debug|Any CPU
		{2130DA10-9F6B-43BC-A168-177577023221}.Debug|iPhoneSimulator.ActiveCfg = Debug|Any CPU
		{2130DA10-9F6B-43BC-A168-177577023221}.Debug|iPhoneSimulator.Build.0 = Debug|Any CPU
		{2130DA10-9F6B-43BC-A168-177577023221}.Debug|x64.ActiveCfg = Debug|Any CPU
		{2130DA10-9F6B-43BC-A168-177577023221}.Debug|x64.Build.0 = Debug|Any CPU
		{2130DA10-9F6B-43BC-A168-177577023221}.Debug|x86.ActiveCfg = Debug|Any CPU
		{2130DA10-9F6B-43BC-A168-177577023221}.Debug|x86.Build.0 = Debug|Any CPU
		{2130DA10-9F6B-43BC-A168-177577023221}.Release|Any CPU.ActiveCfg = Release|Any CPU
		{2130DA10-9F6B-43BC-A168-177577023221}.Release|Any CPU.Build.0 = Release|Any CPU
		{2130DA10-9F6B-43BC-A168-177577023221}.Release|ARM.ActiveCfg = Release|Any CPU
		{2130DA10-9F6B-43BC-A168-177577023221}.Release|ARM.Build.0 = Release|Any CPU
		{2130DA10-9F6B-43BC-A168-177577023221}.Release|ARM64.ActiveCfg = Release|Any CPU
		{2130DA10-9F6B-43BC-A168-177577023221}.Release|ARM64.Build.0 = Release|Any CPU
		{2130DA10-9F6B-43BC-A168-177577023221}.Release|iPhone.ActiveCfg = Release|Any CPU
		{2130DA10-9F6B-43BC-A168-177577023221}.Release|iPhone.Build.0 = Release|Any CPU
		{2130DA10-9F6B-43BC-A168-177577023221}.Release|iPhoneSimulator.ActiveCfg = Release|Any CPU
		{2130DA10-9F6B-43BC-A168-177577023221}.Release|iPhoneSimulator.Build.0 = Release|Any CPU
		{2130DA10-9F6B-43BC-A168-177577023221}.Release|x64.ActiveCfg = Release|Any CPU
		{2130DA10-9F6B-43BC-A168-177577023221}.Release|x64.Build.0 = Release|Any CPU
		{2130DA10-9F6B-43BC-A168-177577023221}.Release|x86.ActiveCfg = Release|Any CPU
		{2130DA10-9F6B-43BC-A168-177577023221}.Release|x86.Build.0 = Release|Any CPU
	EndGlobalSection
	GlobalSection(SolutionProperties) = preSolution
		HideSolutionNode = FALSE
	EndGlobalSection
	GlobalSection(ExtensibilityGlobals) = postSolution
		SolutionGuid = {00C80E16-780E-43F1-8E13-09C5131E110B}
	EndGlobalSection
EndGlobal
